# This file is automatically @generated by Cargo.
# It is not intended for manual editing.
version = 3

[[package]]
name = "autocfg"
version = "1.3.0"
source = "registry+https://github.com/rust-lang/crates.io-index"
checksum = "0c4b4d0bd25bd0b74681c0ad21497610ce1b7c91b1022cd21c80c6fbdd9476b0"

[[package]]
name = "bytes"
version = "1.6.0"
source = "registry+https://github.com/rust-lang/crates.io-index"
checksum = "514de17de45fdb8dc022b1a7975556c53c86f9f0aa5f534b98977b171857c2c9"

[[package]]
name = "minidom"
version = "0.15.2"
source = "registry+https://github.com/rust-lang/crates.io-index"
checksum = "f45614075738ce1b77a1768912a60c0227525971b03e09122a05b8a34a2a6278"
dependencies = [
 "rxml",
]

[[package]]
name = "readxml_sep"
version = "0.1.0"
dependencies = [
 "minidom",
]

[[package]]
name = "rxml"
version = "0.9.1"
source = "registry+https://github.com/rust-lang/crates.io-index"
checksum = "a98f186c7a2f3abbffb802984b7f1dfd65dac8be1aafdaabbca4137f53f0dff7"
dependencies = [
 "bytes",
 "rxml_validation",
 "smartstring",
]

[[package]]
name = "rxml_validation"
version = "0.9.1"
source = "registry+https://github.com/rust-lang/crates.io-index"
checksum = "22a197350ece202f19a166d1ad6d9d6de145e1d2a8ef47db299abe164dbd7530"

[[package]]
name = "smartstring"
version = "1.0.1"
source = "registry+https://github.com/rust-lang/crates.io-index"
checksum = "3fb72c633efbaa2dd666986505016c32c3044395ceaf881518399d2f4127ee29"
dependencies = [
 "autocfg",
 "static_assertions",
 "version_check",
]

[[package]]
name = "static_assertions"
version = "1.1.0"
source = "registry+https://github.com/rust-lang/crates.io-index"
checksum = "a2eb9349b6444b326872e140eb1cf5e7c522154d69e7a0ffb0fb81c06b37543f"

[[package]]
name = "version_check"
version = "0.9.4"
source = "registry+https://github.com/rust-lang/crates.io-index"
checksum = "49874b5167b65d7193b8aba1567f5c7d93d001cafc34600cee003eda787e483f"
